
Microsoft Visual Studio Solution File, Format Version 11.00
# Visual Studio 2010
Project("{FAE04EC0-301F-11D3-BF4B-00C04F79EFBC}") = "Assembly-CSharp", "Assembly-CSharp.csproj", "{092eb359-1fc0-9302-87b6-5b6f3cc96e56}"
EndProject
Project("{FAE04EC0-301F-11D3-BF4B-00C04F79EFBC}") = "Assembly-CSharp-Editor", "Assembly-CSharp-Editor.csproj", "{331137be-15aa-075c-d036-f39ec1ab5480}"
EndProject
Global
	GlobalSection(SolutionConfigurationPlatforms) = preSolution
		Debug|Any CPU = Debug|Any CPU
	EndGlobalSection
	GlobalSection(ProjectConfigurationPlatforms) = postSolution
		{092eb359-1fc0-9302-87b6-5b6f3cc96e56}.Debug|Any CPU.ActiveCfg = Debug|Any CPU
		{092eb359-1fc0-9302-87b6-5b6f3cc96e56}.Debug|Any CPU.Build.0 = Debug|Any CPU
		{331137be-15aa-075c-d036-f39ec1ab5480}.Debug|Any CPU.ActiveCfg = Debug|Any CPU
		{331137be-15aa-075c-d036-f39ec1ab5480}.Debug|Any CPU.Build.0 = Debug|Any CPU
	EndGlobalSection
	GlobalSection(SolutionProperties) = preSolution
		HideSolutionNode = FALSE
	EndGlobalSection
EndGlobal
